# This file is automatically @generated by Cargo.
# It is not intended for manual editing.
version = 4

[[package]]
name = "aho-corasick"
version = "1.1.5"
source = "registry+https://github.com/rust-lang/crates.io-index"
checksum = "c982642fa9e8606056828ee9a8505737230110bb1099153c79efe865c59d12ba"
dependencies = [
 "memchr",
]

[[package]]
name = "anstream"
version = "1.0.0"
source = "registry+https://github.com/rust-lang/crates.io-index"
checksum = "824a212faf96e9acacdbd09febd34438f8f711fb84e09a8916013cd7815ca28d"
dependencies = [
 "anstyle",
 "anstyle-parse",
 "anstyle-query",
 "anstyle-wincon",
 "colorchoice",
 "is_terminal_polyfill",
 "utf8parse",
]

[[package]]
name = "anstyle"
version = "1.0.14"
source = "registry+https://github.com/rust-lang/crates.io-index"
checksum = "940b3a0ca603d1eade50a4846a2afffd5ef57a9feac2c0e2ec2e14f9ead76000"

[[package]]
name = "anstyle-parse"
version = "1.0.0"
source = "registry+https://github.com/rust-lang/crates.io-index"
checksum = "52ce7f38b242319f7cabaa6813055467063ecdc9d355bbb4ce0c68908cd8130e"
dependencies = [
 "utf8parse",
]

[[package]]
name = "anstyle-query"
version = "1.1.5"
source = "registry+https://github.com/rust-lang/crates.io-index"
checksum = "40c48f72fd53cd289104fc64099abca73db4166ad86ea0b4341abe65af83dadc"
dependencies = [
 "windows-sys 0.61.2",
]

[[package]]
name = "anstyle-wincon"
version = "3.0.11"
source = "registry+https://github.com/rust-lang/crates.io-index"
checksum = "291e6a250ff86cd4a820112fb8898808a366d8f9f58ce16d1f538353ad55747d"
dependencies = [
 "anstyle",
 "once_cell_polyfill",
 "windows-sys 0.61.2",
]

[[package]]
name = "anyhow"
version = "1.0.104"
source = "registry+https://github.com/rust-lang/crates.io-index"
checksum = "330a5ed07fa54e4702c9d6c4174f74427fc0ef6e214bbd677ae50a5099946470"

[[package]]
name = "arrayvec"
version = "0.7.8"
source = "registry+https://github.com/rust-lang/crates.io-index"
checksum = "d3fb67a6e08acf24fdeccbac2cb6ac4305825bd1f117462e0e6f2f193345ad56"

[[package]]
name = "ascii"
version = "1.1.0"
source = "registry+https://github.com/rust-lang/crates.io-index"
checksum = "d92bec98840b8f03a5ff5413de5293bfcd8bf96467cf5452609f939ec6f5de16"

[[package]]
name = "base58ck"
version = "0.1.101"
source = "registry+https://github.com/rust-lang/crates.io-index"
checksum = "365c0acd5b2e8dd0111a46c4faea83fb3cfb6e39a49a7c73a06e090db7b2eff0"
dependencies = [
 "bitcoin_hashes",
]

[[package]]
name = "base64"
version = "0.13.1"
source = "registry+https://github.com/rust-lang/crates.io-index"
checksum = "9e1b586273c5702936fe7b7d6896644d8be71e6314cfe09d3167c95f712589e8"

[[package]]
name = "bech32"
version = "0.11.1"
source = "registry+https://github.com/rust-lang/crates.io-index"
checksum = "32637268377fc7b10a8c6d51de3e7fba1ce5dd371a96e342b34e6078db558e7f"

[[package]]
name = "bindgen"
version = "0.69.5"
source = "registry+https://github.com/rust-lang/crates.io-index"
checksum = "271383c67ccabffb7381723dea0672a673f292304fcb45c01cc648c7a8d58088"
dependencies = [
 "bitflags 2.13.1",
 "cexpr",
 "clang-sys",
 "itertools",
 "lazy_static",
 "lazycell",
 "proc-macro2",
 "quote",
 "regex",
 "rustc-hash",
 "shlex 1.3.0",
 "syn 2.0.119",
]

[[package]]
name = "bitcoin"
version = "0.32.102"
source = "registry+https://github.com/rust-lang/crates.io-index"
checksum = "bb0ce8bd5baaa0d303a19915a6d93afed161f528654e42da2a7a97d05c59499a"
dependencies = [
 "base58ck",
 "bech32",
 "bitcoin-io",
 "bitcoin-units",
 "bitcoin_hashes",
 "hex-conservative 0.2.3",
 "hex_lit",
 "secp256k1",
 "serde",
]

[[package]]
name = "bitcoin-consensus-encoding"
version = "1.2.0"
source = "registry+https://github.com/rust-lang/crates.io-index"
checksum = "6712f9c6fd6785b3b270884e57c441c403dc5d7e19ca45368c97c7a1de3000ec"
dependencies = [
 "bitcoin-internals",
 "hex-conservative 1.3.0",
 "serde",
]

[[package]]
name = "bitcoin-internals"
version = "0.6.0"
source = "registry+https://github.com/rust-lang/crates.io-index"
checksum = "d573f4cf32996a8dce612e4348cece65a241f1882ed594047c9ba348e8869fa5"

[[package]]
name = "bitcoin-io"
version = "0.1.101"
source = "registry+https://github.com/rust-lang/crates.io-index"
checksum = "bb5de036369d1ac59d3c1819ebc4d850f89466f5401c571a285b6ed564a4cb78"
dependencies = [
 "bitcoin-consensus-encoding",
]

[[package]]
name = "bitcoin-test-data"
version = "0.2.0"
source = "registry+https://github.com/rust-lang/crates.io-index"
checksum = "0c188654f9dce3bc6ce1bfa9c49777ad514bcad37e421b5f53e9d0ee10603f34"

[[package]]
name = "bitcoin-units"
version = "0.1.101"
source = "registry+https://github.com/rust-lang/crates.io-index"
checksum = "9cb95693f371d089a4b5b6fc41c6f3ea6e01ee8c15388335dfac8ea685173b51"
dependencies = [
 "bitcoin-consensus-encoding",
 "serde",
]

[[package]]
name = "bitcoin_hashes"
version = "0.14.101"
source = "registry+https://github.com/rust-lang/crates.io-index"
checksum = "bca4c7abb40c8817d77403c880988cfd484f23ab2365726afb2f798363e2c4a2"
dependencies = [
 "bitcoin-io",
 "hex-conservative 0.2.3",
 "serde",
]

[[package]]
name = "bitcoin_slices"
version = "0.10.0"
source = "registry+https://github.com/rust-lang/crates.io-index"
checksum = "7943d4257fdfc85afe2a13d2b539a5213e97bb978329dd79b624acbce73042fb"
dependencies = [
 "bitcoin",
 "bitcoin_hashes",
 "sha2",
]

[[package]]
name = "bitcoincore-rpc"
version = "0.19.0"
source = "registry+https://github.com/rust-lang/crates.io-index"
checksum = "aedd23ae0fd321affb4bbbc36126c6f49a32818dc6b979395d24da8c9d4e80ee"
dependencies = [
 "bitcoincore-rpc-json",
 "jsonrpc",
 "log",
 "serde",
 "serde_json",
]

[[package]]
name = "bitcoincore-rpc-json"
version = "0.19.0"
source = "registry+https://github.com/rust-lang/crates.io-index"
checksum = "d8909583c5fab98508e80ef73e5592a651c954993dc6b7739963257d19f0e71a"
dependencies = [
 "bitcoin",
 "serde",
 "serde_json",
]

[[package]]
name = "bitflags"
version = "1.3.2"
source = "registry+https://github.com/rust-lang/crates.io-index"
checksum = "bef38d45163c2f1dde094a7dfd33ccf595c92905c8f8f4fdc18d06fb1037718a"

[[package]]
name = "bitflags"
version = "2.13.1"
source = "registry+https://github.com/rust-lang/crates.io-index"
checksum = "b588b76d00fde79687d7646a9b5bdf3cc0f655e0bbd080335a95d7e96f3587da"

[[package]]
name = "blake2b_simd"
version = "1.0.5"
source = "registry+https://github.com/rust-lang/crates.io-index"
checksum = "3560a7b1951efe814fcd721938313adc56753ca39f4b23847d7e9a2402f5dbff"
dependencies = [
 "arrayvec",
 "constant_time_eq",
]

[[package]]
name = "block-buffer"
version = "0.10.4"
source = "registry+https://github.com/rust-lang/crates.io-index"
checksum = "3078c7629b62d3f0439517fa394996acacc5cbc91c5a20d8c658e77abd503a71"
dependencies = [
 "generic-array",
]

[[package]]
name = "block2"
version = "0.6.2"
source = "registry+https://github.com/rust-lang/crates.io-index"
checksum = "cdeb9d870516001442e364c5220d3574d2da8dc765554b4a617230d33fa58ef5"
dependencies = [
 "objc2",
]

[[package]]
name = "bzip2-sys"
version = "0.1.13+1.0.8"
source = "registry+https://github.com/rust-lang/crates.io-index"
checksum = "225bff33b2141874fe80d71e07d6eec4f85c5c216453dd96388240f96e1acc14"
dependencies = [
 "cc",
 "pkg-config",
]

[[package]]
name = "cargo_toml"
version = "0.20.5"
source = "registry+https://github.com/rust-lang/crates.io-index"
checksum = "88da5a13c620b4ca0078845707ea9c3faf11edbc3ffd8497d11d686211cd1ac0"
dependencies = [
 "serde",
 "toml 0.8.23",
]

[[package]]
name = "cc"
version = "1.4.5"
source = "registry+https://github.com/rust-lang/crates.io-index"
checksum = "005ec2760ca554fae18df7a11195552ec576cd665632a881bc011d5bb2fd4d80"
dependencies = [
 "find-msvc-tools",
 "jobserver",
 "libc",
 "shlex 2.0.1",
]

[[package]]
name = "cexpr"
version = "0.6.0"
source = "registry+https://github.com/rust-lang/crates.io-index"
checksum = "6fac387a98bb7c37292057cffc56d62ecb629900026402633ae9160df93a8766"
dependencies = [
 "nom",
]

[[package]]
name = "cfg-expr"
version = "0.15.8"
source = "registry+https://github.com/rust-lang/crates.io-index"
checksum = "d067ad48b8650848b989a59a86c6c36a995d02d2bf778d45c3c5d57bc2718f02"
dependencies = [
 "smallvec",
 "target-lexicon",
]

[[package]]
name = "cfg-if"
version = "1.0.4"
source = "registry+https://github.com/rust-lang/crates.io-index"
checksum = "9330f8b2ff13f34540b44e946ef35111825727b38d33286ef986142615121801"

[[package]]
name = "cfg_aliases"
version = "0.2.2"
source = "registry+https://github.com/rust-lang/crates.io-index"
checksum = "f079e83a288787bcd14a6aea84cee5c87a67c5a3e660c30f557a3d24761b3527"

[[package]]
name = "chunked_transfer"
version = "1.5.0"
source = "registry+https://github.com/rust-lang/crates.io-index"
checksum = "6e4de3bc4ea267985becf712dc6d9eed8b04c953b3fcfb339ebc87acd9804901"

[[package]]
name = "clang-sys"
version = "1.9.1"
source = "registry+https://github.com/rust-lang/crates.io-index"
checksum = "157a8ba7b480713b56f4c09fd13fc3e0a22a5dfab8097ba61cbc5feef950788a"
dependencies = [
 "glob",
 "libc",
]

[[package]]
name = "colorchoice"
version = "1.0.5"
source = "registry+https://github.com/rust-lang/crates.io-index"
checksum = "1d07550c9036bf2ae0c684c4297d503f838287c83c53686d05370d0e139ae570"

[[package]]
name = "configure_me"
version = "0.4.0"
source = "registry+https://github.com/rust-lang/crates.io-index"
checksum = "d03c1fbdead926855bdafee8ddf16cd42efb3c75d8cde8c87f8937b99510b39d"
dependencies = [
 "parse_arg 0.1.6",
 "serde",
 "serde_derive",
 "toml 0.5.11",
]

[[package]]
name = "configure_me_codegen"
version = "0.4.8"
source = "registry+https://github.com/rust-lang/crates.io-index"
checksum = "5e56840275667a19b0e8ab80219c81fb0bd924e567366d9f12aa385fb45511ea"
dependencies = [
 "cargo_toml",
 "fmt2io",
 "serde",
 "serde_derive",
 "toml 0.5.11",
 "unicode-segmentation",
 "void",
]

[[package]]
name = "constant_time_eq"
version = "0.4.2"
source = "registry+https://github.com/rust-lang/crates.io-index"
checksum = "3d52eff69cd5e647efe296129160853a42795992097e8af39800e1060caeea9b"

[[package]]
name = "cpufeatures"
version = "0.2.17"
source = "registry+https://github.com/rust-lang/crates.io-index"
checksum = "59ed5838eebb26a2bb2e58f6d5b5316989ae9d08bab10e0e6d103e656d1b0280"
dependencies = [
 "libc",
]

[[package]]
name = "crossbeam"
version = "0.8.5"
source = "registry+https://github.com/rust-lang/crates.io-index"
checksum = "e71406cd8807725f7ac2f999a4cdd32e98f829fdf65f528343cebf945e41df1e"
dependencies = [
 "crossbeam-channel",
 "crossbeam-deque",
 "crossbeam-epoch",
 "crossbeam-queue",
 "crossbeam-utils",
]

[[package]]
name = "crossbeam-channel"
version = "0.5.17"
source = "registry+https://github.com/rust-lang/crates.io-index"
checksum = "98b0cc327b5bc766e7fda9c9260cc0fa81b43a8e240440422dff70788e3f9ef1"
dependencies = [
 "crossbeam-utils",
]

[[package]]
name = "crossbeam-deque"
version = "0.8.8"
source = "registry+https://github.com/rust-lang/crates.io-index"
checksum = "622f3fc73690be383c7214310406f28a90e6edeadc3cea882f9d71e495b9711a"
dependencies = [
 "crossbeam-epoch",
 "crossbeam-utils",
]

[[package]]
name = "crossbeam-epoch"
version = "0.9.21"
source = "registry+https://github.com/rust-lang/crates.io-index"
checksum = "dc74980687109a3b14c72fd458107bf0baa1da1a1a805e178d15501ba9b86d9d"
dependencies = [
 "crossbeam-utils",
]

[[package]]
name = "crossbeam-queue"
version = "0.3.14"
source = "registry+https://github.com/rust-lang/crates.io-index"
checksum = "03e8bd762f7479489c70ed6c768ddca99d7296857de437a68dcb2a94365b3fae"
dependencies = [
 "crossbeam-utils",
]

[[package]]
name = "crossbeam-utils"
version = "0.8.23"
source = "registry+https://github.com/rust-lang/crates.io-index"
checksum = "a31eee39dddec8330830986fcd7625edb5a24ec90ea038215273bbc3adb08ac6"

[[package]]
name = "crypto-common"
version = "0.1.7"
source = "registry+https://github.com/rust-lang/crates.io-index"
checksum = "78c8292055d1c1df0cce5d180393dc8cce0abec0a7102adb6c7b1eef6016d60a"
dependencies = [
 "generic-array",
 "typenum",
]

[[package]]
name = "ctrlc"
version = "3.5.2"
source = "registry+https://github.com/rust-lang/crates.io-index"
checksum = "e0b1fab2ae45819af2d0731d60f2afe17227ebb1a1538a236da84c93e9a60162"
dependencies = [
 "dispatch2",
 "nix",
 "windows-sys 0.61.2",
]

[[package]]
name = "defmt"
version = "1.1.1"
source = "registry+https://github.com/rust-lang/crates.io-index"
checksum = "e2953bfe4f93bbd20cc71198842756f77d161884c99ebbabc41d80231ded88d1"
dependencies = [
 "bitflags 1.3.2",
 "defmt-macros",
]

[[package]]
name = "defmt-macros"
version = "1.1.1"
source = "registry+https://github.com/rust-lang/crates.io-index"
checksum = "bad9c72e7ca2137e0dc3813245a0d282fd6daad32fd800af018306a9169b5fe8"
dependencies = [
 "defmt-parser",
 "proc-macro2",
 "quote",
 "syn 2.0.119",
]

[[package]]
name = "defmt-parser"
version = "1.0.0"
source = "registry+https://github.com/rust-lang/crates.io-index"
checksum = "10d60334b3b2e7c9d91ef8150abfb6fa4c1c39ebbcf4a81c2e346aad939fee3e"
dependencies = [
 "thiserror 2.0.20",
]

[[package]]
name = "digest"
version = "0.10.7"
source = "registry+https://github.com/rust-lang/crates.io-index"
checksum = "9ed9a281f7bc9b7576e61468ba615a66a5c8cfdff42420a70aa82701a3b1e292"
dependencies = [
 "block-buffer",
 "crypto-common",
]

[[package]]
name = "dircpy"
version = "0.3.20"
source = "registry+https://github.com/rust-lang/crates.io-index"
checksum = "ebcbec2b9a580ddee352ac38523d2ecd4dcaad53532957034394556909e27f4b"
dependencies = [
 "jwalk",
 "log",
 "walkdir",
]

[[package]]
name = "dirs-next"
version = "2.0.0"
source = "registry+https://github.com/rust-lang/crates.io-index"
checksum = "b98cf8ebf19c3d1b223e151f99a4f9f0690dca41414773390fc824184ac833e1"
dependencies = [
 "cfg-if",
 "dirs-sys-next",
]

[[package]]
name = "dirs-sys-next"
version = "0.1.2"
source = "registry+https://github.com/rust-lang/crates.io-index"
checksum = "4ebda144c4fe02d1f7ea1a7d9641b6fc6b580adcfa024ae48797ecdeb6825b4d"
dependencies = [
 "libc",
 "redox_users",
 "winapi",
]

[[package]]
name = "dispatch2"
version = "0.3.1"
source = "registry+https://github.com/rust-lang/crates.io-index"
checksum = "1e0e367e4e7da84520dedcac1901e4da967309406d1e51017ae1abfb97adbd38"
dependencies = [
 "bitflags 2.13.1",
 "block2",
 "libc",
 "objc2",
]

[[package]]
name = "either"
version = "1.18.0"
source = "registry+https://github.com/rust-lang/crates.io-index"
checksum = "252afb9ae5eaa683babdc6a068b3f5726eb19e05070c731f9b2a23a7c3e8ed34"

[[package]]
name = "electrs"
version = "0.11.1"
dependencies = [
 "anyhow",
 "bitcoin",
 "bitcoin-test-data",
 "bitcoin_slices",
 "bitcoincore-rpc",
 "blake2b_simd",
 "configure_me",
 "configure_me_codegen",
 "crossbeam-channel",
 "ctrlc",
 "dirs-next",
 "env_logger",
 "hex_lit",
 "log",
 "parking_lot",
 "prometheus",
 "rayon",
 "rust-rocksdb",
 "serde",
 "serde_derive",
 "serde_json",
 "signal-hook",
 "tempfile",
 "tiny_http",
 "zmq",
]

[[package]]
name = "env_filter"
version = "2.0.0"
source = "registry+https://github.com/rust-lang/crates.io-index"
checksum = "900d271a03799a1ee8d1ca9b19893b48ca674a9284fefcfb85f05e74ed314217"
dependencies = [
 "log",
 "regex",
]

[[package]]
name = "env_logger"
version = "0.11.11"
source = "registry+https://github.com/rust-lang/crates.io-index"
checksum = "de671bd27a75a797dc9ae289ba1e77276e75e2026408aab65185384e2d5cd3f6"
dependencies = [
 "anstream",
 "anstyle",
 "env_filter",
 "jiff",
 "log",
]

[[package]]
name = "equivalent"
version = "1.0.2"
source = "registry+https://github.com/rust-lang/crates.io-index"
checksum = "877a4ace8713b0bcf2a4e7eec82529c029f1d0619886d18145fea96c3ffe5c0f"

[[package]]
name = "errno"
version = "0.3.14"
source = "registry+https://github.com/rust-lang/crates.io-index"
checksum = "39cab71617ae0d63f51a36d69f866391735b51691dbda63cf6f96d042b63efeb"
dependencies = [
 "libc",
 "windows-sys 0.61.2",
]

[[package]]
name = "fastrand"
version = "2.5.0"
source = "registry+https://github.com/rust-lang/crates.io-index"
checksum = "da7c62ceae207dd37ea5b845da6a0696c799f85e97da1ab5b7910be3c1c80223"

[[package]]
name = "find-msvc-tools"
version = "0.1.12"
source = "registry+https://github.com/rust-lang/crates.io-index"
checksum = "3e0f1c7c3a72c66fd80abe965175f7523475c0489a87d3ff9d6e8c87d87a9d2d"

[[package]]
name = "fmt2io"
version = "1.0.0"
source = "registry+https://github.com/rust-lang/crates.io-index"
checksum = "6b6129284da9f7e5296cc22183a63f24300e945e297705dcc0672f7df01d62c8"

[[package]]
name = "fnv"
version = "1.0.7"
source = "registry+https://github.com/rust-lang/crates.io-index"
checksum = "3f9eec918d3f24069decb9af1554cad7c880e2da24a9afd88aca000531ab82c1"

[[package]]
name = "generic-array"
version = "0.14.7"
source = "registry+https://github.com/rust-lang/crates.io-index"
checksum = "85649ca51fd72272d7821adaf274ad91c288277713d9c18820d8499a7ff69e9a"
dependencies = [
 "typenum",
 "version_check",
]

[[package]]
name = "getrandom"
version = "0.2.17"
source = "registry+https://github.com/rust-lang/crates.io-index"
checksum = "ff2abc00be7fca6ebc474524697ae276ad847ad0a6b3faa4bcb027e9a4614ad0"
dependencies = [
 "cfg-if",
 "libc",
 "wasi",
]

[[package]]
name = "getrandom"
version = "0.4.3"
source = "registry+https://github.com/rust-lang/crates.io-index"
checksum = "300e883d756b2e4ec94e02791f39b04b522276138852cfc41d9fb7e904106099"
dependencies = [
 "cfg-if",
 "libc",
 "r-efi",
]

[[package]]
name = "glob"
version = "0.3.4"
source = "registry+https://github.com/rust-lang/crates.io-index"
checksum = "e4eba85ea1d0a966a983acd07deee566e67395d2d96b6fb39e62b5a833f1eb0b"

[[package]]
name = "hashbrown"
version = "0.17.1"
source = "registry+https://github.com/rust-lang/crates.io-index"
checksum = "ed5909b6e89a2db4456e54cd5f673791d7eca6732202bbf2a9cc504fe2f9b84a"

[[package]]
name = "heck"
version = "0.5.0"
source = "registry+https://github.com/rust-lang/crates.io-index"
checksum = "2304e00983f87ffb38b55b444b5e3b60a884b5d30c0fca7d82fe33449bbe55ea"

[[package]]
name = "hex"
version = "0.4.3"
source = "registry+https://github.com/rust-lang/crates.io-index"
checksum = "7f24254aa9a54b5c858eaee2f5bccdb46aaf0e486a595ed5fd8f86ba55232a70"

[[package]]
name = "hex-conservative"
version = "0.2.3"
source = "registry+https://github.com/rust-lang/crates.io-index"
checksum = "db3fef046dca3ca91ee1408a8c1b80ab777e80a4d308d1bf4e7adb3fcb047e08"
dependencies = [
 "arrayvec",
]

[[package]]
name = "hex-conservative"
version = "1.3.0"
source = "registry+https://github.com/rust-lang/crates.io-index"
checksum = "271e0d19bcb473b6675739a2b536076b24a082316cb5199ad918edce10c599e8"
dependencies = [
 "arrayvec",
]

[[package]]
name = "hex_lit"
version = "0.1.1"
source = "registry+https://github.com/rust-lang/crates.io-index"
checksum = "3011d1213f159867b13cfd6ac92d2cd5f1345762c63be3554e84092d85a50bbd"

[[package]]
name = "httpdate"
version = "1.0.3"
source = "registry+https://github.com/rust-lang/crates.io-index"
checksum = "df3b46402a9d5adb4c86a0cf463f42e19994e3ee891101b1841f30a545cb49a9"

[[package]]
name = "indexmap"
version = "2.14.2"
source = "registry+https://github.com/rust-lang/crates.io-index"
checksum = "cc4e190f5d26ca7051642629da2c52fc03bde85a03197c99408dcd291734c855"
dependencies = [
 "equivalent",
 "hashbrown",
]

[[package]]
name = "is_terminal_polyfill"
version = "1.70.2"
source = "registry+https://github.com/rust-lang/crates.io-index"
checksum = "a6cb138bb79a146c1bd460005623e142ef0181e3d0219cb493e02f7d08a35695"

[[package]]
name = "itertools"
version = "0.12.1"
source = "registry+https://github.com/rust-lang/crates.io-index"
checksum = "ba291022dbbd398a455acf126c1e341954079855bc60dfdda641363bd6922569"
dependencies = [
 "either",
]

[[package]]
name = "itoa"
version = "1.0.18"
source = "registry+https://github.com/rust-lang/crates.io-index"
checksum = "8f42a60cbdf9a97f5d2305f08a87dc4e09308d1276d28c869c684d7777685682"

[[package]]
name = "jiff"
version = "0.2.35"
source = "registry+https://github.com/rust-lang/crates.io-index"
checksum = "668b7183bd07af9a4885f5c35b0cc5c83c4607a913c16b7e17291832910d2dcc"
dependencies = [
 "defmt",
 "jiff-core",
 "jiff-static",
 "log",
 "portable-atomic",
 "portable-atomic-util",
 "serde_core",
]

[[package]]
name = "jiff-core"
version = "0.1.0"
source = "registry+https://github.com/rust-lang/crates.io-index"
checksum = "7feca88439efe53da3754500c1851dedf3cb36c524dd5cf8225cc0794de95d09"
dependencies = [
 "defmt",
]

[[package]]
name = "jiff-static"
version = "0.2.35"
source = "registry+https://github.com/rust-lang/crates.io-index"
checksum = "3a69dcb3a21cfb32ce1cd056169337ca284af0766dd766e7878819b251a49204"
dependencies = [
 "jiff-core",
 "proc-macro2",
 "quote",
 "syn 2.0.119",
]

[[package]]
name = "jobserver"
version = "0.1.35"
source = "registry+https://github.com/rust-lang/crates.io-index"
checksum = "1c00acbd29eabad4a2392fa0e921c874934dbbf4194312ad20f04a0ed67a3cb3"
dependencies = [
 "getrandom 0.4.3",
 "libc",
]

[[package]]
name = "jsonrpc"
version = "0.18.0"
source = "registry+https://github.com/rust-lang/crates.io-index"
checksum = "3662a38d341d77efecb73caf01420cfa5aa63c0253fd7bc05289ef9f6616e1bf"
dependencies = [
 "base64",
 "minreq",
 "serde",
 "serde_json",
]

[[package]]
name = "jwalk"
version = "0.8.1"
source = "registry+https://github.com/rust-lang/crates.io-index"
checksum = "2735847566356cd2179a2a38264839308f7079fa96e6bd5a42d740460e003c56"
dependencies = [
 "crossbeam",
 "rayon",
]

[[package]]
name = "lazy_static"
version = "1.5.0"
source = "registry+https://github.com/rust-lang/crates.io-index"
checksum = "bbd2bcb4c963f2ddae06a2efc7e9f3591312473c50c6685e1f298068316e66fe"

[[package]]
name = "lazycell"
version = "1.3.0"
source = "registry+https://github.com/rust-lang/crates.io-index"
checksum = "830d08ce1d1d941e6b30645f1a0eb5643013d835ce3779a5fc208261dbe10f55"

[[package]]
name = "libc"
version = "0.2.189"
source = "registry+https://github.com/rust-lang/crates.io-index"
checksum = "3eaf3ede3fee6db1a4c2ee091bf8a8b4dccdc6d17f656fb07896ee72867612f2"

[[package]]
name = "libredox"
version = "0.1.23"
source = "registry+https://github.com/rust-lang/crates.io-index"
checksum = "8d8f1ea3f21fd3405dcaf6c9b5c1630af9afc422d9073ea39c5f6d6c772e08ed"
dependencies = [
 "libc",
]

[[package]]
name = "libz-sys"
version = "1.1.29"
source = "registry+https://github.com/rust-lang/crates.io-index"
checksum = "85bc9657773828b90eeb625adff10eeac83cc21bbfd8e23a03eaa8a33c9e28d9"
dependencies = [
 "cc",
 "pkg-config",
 "vcpkg",
]

[[package]]
name = "linux-raw-sys"
version = "0.4.15"
source = "registry+https://github.com/rust-lang/crates.io-index"
checksum = "d26c52dbd32dccf2d10cac7725f8eae5296885fb5703b261f7d0a0739ec807ab"

[[package]]
name = "linux-raw-sys"
version = "0.12.1"
source = "registry+https://github.com/rust-lang/crates.io-index"
checksum = "32a66949e030da00e8c7d4434b251670a91556f4144941d37452769c25d58a53"

[[package]]
name = "lock_api"
version = "0.4.14"
source = "registry+https://github.com/rust-lang/crates.io-index"
checksum = "224399e74b87b5f3557511d98dff8b14089b3dadafcab6bb93eab67d3aace965"
dependencies = [
 "scopeguard",
]

[[package]]
name = "log"
version = "0.4.34"
source = "registry+https://github.com/rust-lang/crates.io-index"
checksum = "f9f8bd3e56ce4dfc153cf470fffbfa98c7620958b312ca5c3a4b8d5181fd13c6"

[[package]]
name = "memchr"
version = "2.8.3"
source = "registry+https://github.com/rust-lang/crates.io-index"
checksum = "cf8baf1c55e62ffcace7a9f06f4bd9cd3f0c4beb022d3b367256b91b87513d98"

[[package]]
name = "minimal-lexical"
version = "0.2.1"
source = "registry+https://github.com/rust-lang/crates.io-index"
checksum = "68354c5c6bd36d73ff3feceb05efa59b6acb7626617f4962be322a825e61f79a"

[[package]]
name = "minreq"
version = "2.14.1"
source = "registry+https://github.com/rust-lang/crates.io-index"
checksum = "05015102dad0f7d61691ca347e9d9d9006685a64aefb3d79eecf62665de2153d"
dependencies = [
 "serde",
 "serde_json",
]

[[package]]
name = "nix"
version = "0.31.3"
source = "registry+https://github.com/rust-lang/crates.io-index"
checksum = "cf20d2fde8ff38632c426f1165ed7436270b44f199fc55284c38276f9db47c3d"
dependencies = [
 "bitflags 2.13.1",
 "cfg-if",
 "cfg_aliases",
 "libc",
]

[[package]]
name = "nom"
version = "7.1.3"
source = "registry+https://github.com/rust-lang/crates.io-index"
checksum = "d273983c5a657a70a3e8f2a01329822f3b8c8172b73826411a55751e404a0a4a"
dependencies = [
 "memchr",
 "minimal-lexical",
]

[[package]]
name = "objc2"
version = "0.6.4"
source = "registry+https://github.com/rust-lang/crates.io-index"
checksum = "3a12a8ed07aefc768292f076dc3ac8c48f3781c8f2d5851dd3d98950e8c5a89f"
dependencies = [
 "objc2-encode",
]

[[package]]
name = "objc2-encode"
version = "4.1.0"
source = "registry+https://github.com/rust-lang/crates.io-index"
checksum = "ef25abbcd74fb2609453eb695bd2f860d389e457f67dc17cafc8b8cbc89d0c33"

[[package]]
name = "once_cell"
version = "1.21.4"
source = "registry+https://github.com/rust-lang/crates.io-index"
checksum = "9f7c3e4beb33f85d45ae3e3a1792185706c8e16d043238c593331cc7cd313b50"

[[package]]
name = "once_cell_polyfill"
version = "1.70.2"
source = "registry+https://github.com/rust-lang/crates.io-index"
checksum = "384b8ab6d37215f3c5301a95a4accb5d64aa607f1fcb26a11b5303878451b4fe"

[[package]]
name = "parking_lot"
version = "0.12.5"
source = "registry+https://github.com/rust-lang/crates.io-index"
checksum = "93857453250e3077bd71ff98b6a65ea6621a19bb0f559a85248955ac12c45a1a"
dependencies = [
 "lock_api",
 "parking_lot_core",
]

[[package]]
name = "parking_lot_core"
version = "0.9.12"
source = "registry+https://github.com/rust-lang/crates.io-index"
checksum = "2621685985a2ebf1c516881c026032ac7deafcda1a2c9b7850dc81e3dfcb64c1"
dependencies = [
 "cfg-if",
 "libc",
 "redox_syscall",
 "smallvec",
 "windows-link",
]

[[package]]
name = "parse_arg"
version = "0.1.6"
source = "registry+https://github.com/rust-lang/crates.io-index"
checksum = "32f05bccc8b6036fec4e0c511954e3997987a82acb6a0b50642ecf7c744fe225"
dependencies = [
 "parse_arg 1.0.1",
]

[[package]]
name = "parse_arg"
version = "1.0.1"
source = "registry+https://github.com/rust-lang/crates.io-index"
checksum = "5bddc33f680b79eaf1e2e56da792c3c2236f86985bbc3a886e8ddee17ae4d3a4"

[[package]]
name = "pkg-config"
version = "0.3.34"
source = "registry+https://github.com/rust-lang/crates.io-index"
checksum = "f6b464fbc74e149a392436b17d523f769e057cb6877f6a5c4618bc6f11800548"

[[package]]
name = "portable-atomic"
version = "1.15.0"
source = "registry+https://github.com/rust-lang/crates.io-index"
checksum = "05c8b63e8d9609db387f0324918f81d68fe27748f084ef092fb35954d0539a85"

[[package]]
name = "portable-atomic-util"
version = "0.2.8"
source = "registry+https://github.com/rust-lang/crates.io-index"
checksum = "10ab3eb7f3becc3a1cbc4f2c6f20267996cfc1a6467a873763411b136a122715"
dependencies = [
 "portable-atomic",
]

[[package]]
name = "ppv-lite86"
version = "0.2.21"
source = "registry+https://github.com/rust-lang/crates.io-index"
checksum = "85eae3c4ed2f50dcfe72643da4befc30deadb458a9b590d720cde2f2b1e97da9"
dependencies = [
 "zerocopy",
]

[[package]]
name = "proc-macro2"
version = "1.0.107"
source = "registry+https://github.com/rust-lang/crates.io-index"
checksum = "985e7ec9bb745e6ce6535b544d84d6cd6f7ad8bd711c398938ae983b91a766d9"
dependencies = [
 "unicode-ident",
]

[[package]]
name = "procfs"
version = "0.17.0"
source = "registry+https://github.com/rust-lang/crates.io-index"
checksum = "cc5b72d8145275d844d4b5f6d4e1eef00c8cd889edb6035c21675d1bb1f45c9f"
dependencies = [
 "bitflags 2.13.1",
 "hex",
 "procfs-core",
 "rustix 0.38.44",
]

[[package]]
name = "procfs-core"
version = "0.17.0"
source = "registry+https://github.com/rust-lang/crates.io-index"
checksum = "239df02d8349b06fc07398a3a1697b06418223b1c7725085e801e7c0fc6a12ec"
dependencies = [
 "bitflags 2.13.1",
 "hex",
]

[[package]]
name = "prometheus"
version = "0.14.0"
source = "registry+https://github.com/rust-lang/crates.io-index"
checksum = "3ca5326d8d0b950a9acd87e6a3f94745394f62e4dae1b1ee22b2bc0c394af43a"
dependencies = [
 "cfg-if",
 "fnv",
 "lazy_static",
 "libc",
 "memchr",
 "parking_lot",
 "procfs",
 "protobuf",
 "thiserror 2.0.20",
]

[[package]]
name = "protobuf"
version = "3.7.2"
source = "registry+https://github.com/rust-lang/crates.io-index"
checksum = "d65a1d4ddae7d8b5de68153b48f6aa3bba8cb002b243dbdbc55a5afbc98f99f4"
dependencies = [
 "once_cell",
 "protobuf-support",
 "thiserror 1.0.69",
]

[[package]]
name = "protobuf-support"
version = "3.7.2"
source = "registry+https://github.com/rust-lang/crates.io-index"
checksum = "3e36c2f31e0a47f9280fb347ef5e461ffcd2c52dd520d8e216b52f93b0b0d7d6"
dependencies = [
 "thiserror 1.0.69",
]

[[package]]
name = "quote"
version = "1.0.47"
source = "registry+https://github.com/rust-lang/crates.io-index"
checksum = "1fbf4db142a473a8d80c26bbf18454ed458bf8d26c8219c331daecfdbd079001"
dependencies = [
 "proc-macro2",
]

[[package]]
name = "r-efi"
version = "6.0.0"
source = "registry+https://github.com/rust-lang/crates.io-index"
checksum = "f8dcc9c7d52a811697d2151c701e0d08956f92b0e24136cf4cf27b57a6a0d9bf"

[[package]]
name = "rand"
version = "0.8.8"
source = "registry+https://github.com/rust-lang/crates.io-index"
checksum = "e058c7de0b26af77780c769414d6257830bb240f3c38477dbc2c16e5f54d6d4c"
dependencies = [
 "libc",
 "rand_chacha",
 "rand_core",
]

[[package]]
name = "rand_chacha"
version = "0.3.1"
source = "registry+https://github.com/rust-lang/crates.io-index"
checksum = "e6c10a63a0fa32252be49d21e7709d4d4baf8d231c2dbce1eaa8141b9b127d88"
dependencies = [
 "ppv-lite86",
 "rand_core",
]

[[package]]
name = "rand_core"
version = "0.6.4"
source = "registry+https://github.com/rust-lang/crates.io-index"
checksum = "ec0be4795e2f6a28069bec0b5ff3e2ac9bafc99e6a9a7dc3547996c5c816922c"
dependencies = [
 "getrandom 0.2.17",
]

[[package]]
name = "rayon"
version = "1.12.0"
source = "registry+https://github.com/rust-lang/crates.io-index"
checksum = "fb39b166781f92d482534ef4b4b1b2568f42613b53e5b6c160e24cfbfa30926d"
dependencies = [
 "either",
 "rayon-core",
]

[[package]]
name = "rayon-core"
version = "1.13.0"
source = "registry+https://github.com/rust-lang/crates.io-index"
checksum = "22e18b0f0062d30d4230b2e85ff77fdfe4326feb054b9783a3460d8435c8ab91"
dependencies = [
 "crossbeam-deque",
 "crossbeam-utils",
]

[[package]]
name = "redox_syscall"
version = "0.5.18"
source = "registry+https://github.com/rust-lang/crates.io-index"
checksum = "ed2bf2547551a7053d6fdfafda3f938979645c44812fbfcda098faae3f1a362d"
dependencies = [
 "bitflags 2.13.1",
]

[[package]]
name = "redox_users"
version = "0.4.6"
source = "registry+https://github.com/rust-lang/crates.io-index"
checksum = "ba009ff324d1fc1b900bd1fdb31564febe58a8ccc8a6fdbb93b543d33b13ca43"
dependencies = [
 "getrandom 0.2.17",
 "libredox",
 "thiserror 1.0.69",
]

[[package]]
name = "regex"
version = "1.13.1"
source = "registry+https://github.com/rust-lang/crates.io-index"
checksum = "f020237b6c8eed93db2e2cb53c00c60a8e1bc73da7d073199a1180401450218d"
dependencies = [
 "aho-corasick",
 "memchr",
 "regex-automata",
 "regex-syntax",
]

[[package]]
name = "regex-automata"
version = "0.4.18"
source = "registry+https://github.com/rust-lang/crates.io-index"
checksum = "ad8553b9b26413251cbf30e620595c7a41b3887f03da04579c0e6b0d6a06b4b2"
dependencies = [
 "aho-corasick",
 "memchr",
 "regex-syntax",
]

[[package]]
name = "regex-syntax"
version = "0.8.11"
source = "registry+https://github.com/rust-lang/crates.io-index"
checksum = "d6f6ff9a378485b298a5286656da665ba74413d36db0979633275d2e708145d4"

[[package]]
name = "rust-librocksdb-sys"
version = "0.32.0+9.10.0"
source = "registry+https://github.com/rust-lang/crates.io-index"
checksum = "50146b7fadd68926e9dcb902bf0515783aaaf5f73af26949f188aead5ede8cd0"
dependencies = [
 "bindgen",
 "bzip2-sys",
 "cc",
 "glob",
 "libc",
 "libz-sys",
 "zstd-sys",
]

[[package]]
name = "rust-rocksdb"
version = "0.36.0"
source = "registry+https://github.com/rust-lang/crates.io-index"
checksum = "3bf088a714aa3fad699f7dbe06047ca732c09629a2f9b28aa16ca6d3897a4c2f"
dependencies = [
 "libc",
 "rust-librocksdb-sys",
]

[[package]]
name = "rustc-hash"
version = "1.1.0"
source = "registry+https://github.com/rust-lang/crates.io-index"
checksum = "08d43f7aa6b08d49f382cde6a7982047c3426db949b1424bc4b7ec9ae12c6ce2"

[[package]]
name = "rustix"
version = "0.38.44"
source = "registry+https://github.com/rust-lang/crates.io-index"
checksum = "fdb5bc1ae2baa591800df16c9ca78619bf65c0488b41b96ccec5d11220d8c154"
dependencies = [
 "bitflags 2.13.1",
 "errno",
 "libc",
 "linux-raw-sys 0.4.15",
 "windows-sys 0.59.0",
]

[[package]]
name = "rustix"
version = "1.1.4"
source = "registry+https://github.com/rust-lang/crates.io-index"
checksum = "b6fe4565b9518b83ef4f91bb47ce29620ca828bd32cb7e408f0062e9930ba190"
dependencies = [
 "bitflags 2.13.1",
 "errno",
 "libc",
 "linux-raw-sys 0.12.1",
 "windows-sys 0.61.2",
]

[[package]]
name = "same-file"
version = "1.0.6"
source = "registry+https://github.com/rust-lang/crates.io-index"
checksum = "93fc1dc3aaa9bfed95e02e6eadabb4baf7e3078b0bd1b4d7b6b0b68378900502"
dependencies = [
 "winapi-util",
]

[[package]]
name = "scopeguard"
version = "1.2.0"
source = "registry+https://github.com/rust-lang/crates.io-index"
checksum = "94143f37725109f92c262ed2cf5e59bce7498c01bcc1502d7b9afe439a4e9f49"

[[package]]
name = "secp256k1"
version = "0.29.1"
source = "registry+https://github.com/rust-lang/crates.io-index"
checksum = "9465315bc9d4566e1724f0fffcbcc446268cb522e60f9a27bcded6b19c108113"
dependencies = [
 "bitcoin_hashes",
 "rand",
 "secp256k1-sys",
 "serde",
]

[[package]]
name = "secp256k1-sys"
version = "0.10.1"
source = "registry+https://github.com/rust-lang/crates.io-index"
checksum = "d4387882333d3aa8cb20530a17c69a3752e97837832f34f6dccc760e715001d9"
dependencies = [
 "cc",
]

[[package]]
name = "serde"
version = "1.0.229"
source = "registry+https://github.com/rust-lang/crates.io-index"
checksum = "4148590afebada386688f18773da617792bf2ef03ffc1e4cbd2b1d45b023e0ba"
dependencies = [
 "serde_core",
 "serde_derive",
]

[[package]]
name = "serde_core"
version = "1.0.229"
source = "registry+https://github.com/rust-lang/crates.io-index"
checksum = "67dca2c9c51e58a4791a4b1ed58308b39c64224d349a935ab5039aa360942a48"
dependencies = [
 "serde_derive",
]

[[package]]
name = "serde_derive"
version = "1.0.229"
source = "registry+https://github.com/rust-lang/crates.io-index"
checksum = "e7a5d71263a5a7d47b41f6b3f06ba276f10cc18b0931f1799f710578e2309348"
dependencies = [
 "proc-macro2",
 "quote",
 "syn 3.0.5",
]

[[package]]
name = "serde_json"
version = "1.0.151"
source = "registry+https://github.com/rust-lang/crates.io-index"
checksum = "c841b55ecdae098c80dcae9cf767f6f8a0c2cdb3416bbef72181df4d0fe73f14"
dependencies = [
 "itoa",
 "memchr",
 "serde",
 "serde_core",
 "zmij",
]

[[package]]
name = "serde_spanned"
version = "0.6.9"
source = "registry+https://github.com/rust-lang/crates.io-index"
checksum = "bf41e0cfaf7226dca15e8197172c295a782857fcb97fad1808a166870dee75a3"
dependencies = [
 "serde",
]

[[package]]
name = "sha2"
version = "0.10.9"
source = "registry+https://github.com/rust-lang/crates.io-index"
checksum = "a7507d819769d01a365ab707794a4084392c824f54a7a6a7862f8c3d0892b283"
dependencies = [
 "cfg-if",
 "cpufeatures",
 "digest",
]

[[package]]
name = "shlex"
version = "1.3.0"
source = "registry+https://github.com/rust-lang/crates.io-index"
checksum = "0fda2ff0d084019ba4d7c6f371c95d8fd75ce3524c3cb8fb653a3023f6323e64"

[[package]]
name = "shlex"
version = "2.0.1"
source = "registry+https://github.com/rust-lang/crates.io-index"
checksum = "f8fadd59c855ef2080decdef8ff161eb6661b86933c9d82e5ba29dc602a55aba"

[[package]]
name = "signal-hook"
version = "0.4.4"
source = "registry+https://github.com/rust-lang/crates.io-index"
checksum = "b2a0c28ca5908dbdbcd52e6fdaa00358ab88637f8ab33e1f188dd510eb44b53d"
dependencies = [
 "libc",
 "signal-hook-registry",
]

[[package]]
name = "signal-hook-registry"
version = "1.4.8"
source = "registry+https://github.com/rust-lang/crates.io-index"
checksum = "c4db69cba1110affc0e9f7bcd48bbf87b3f4fc7c61fc9155afd4c469eb3d6c1b"
dependencies = [
 "errno",
 "libc",
]

[[package]]
name = "smallvec"
version = "1.16.0"
source = "registry+https://github.com/rust-lang/crates.io-index"
checksum = "b9be42f50aa861c555654aa3a37f52f4b1074bacf4e48fe0ef7fa584e80f1f0f"

[[package]]
name = "syn"
version = "2.0.119"
source = "registry+https://github.com/rust-lang/crates.io-index"
checksum = "872831b642d1a07999a962a351ed35b955ea2cfc8f3862091e2a240a84f17297"
dependencies = [
 "proc-macro2",
 "quote",
 "unicode-ident",
]

[[package]]
name = "syn"
version = "3.0.5"
source = "registry+https://github.com/rust-lang/crates.io-index"
checksum = "12df2e0110f65b775f769bb17ef989067a1d931b2eb822bd4346631eeada89f9"
dependencies = [
 "proc-macro2",
 "quote",
 "unicode-ident",
]

[[package]]
name = "system-deps"
version = "6.2.2"
source = "registry+https://github.com/rust-lang/crates.io-index"
checksum = "a3e535eb8dded36d55ec13eddacd30dec501792ff23a0b1682c38601b8cf2349"
dependencies = [
 "cfg-expr",
 "heck",
 "pkg-config",
 "toml 0.8.23",
 "version-compare",
]

[[package]]
name = "target-lexicon"
version = "0.12.16"
source = "registry+https://github.com/rust-lang/crates.io-index"
checksum = "61c41af27dd6d1e27b1b16b489db798443478cef1f06a660c96db617ba5de3b1"

[[package]]
name = "tempfile"
version = "3.27.0"
source = "registry+https://github.com/rust-lang/crates.io-index"
checksum = "32497e9a4c7b38532efcdebeef879707aa9f794296a4f0244f6f69e9bc8574bd"
dependencies = [
 "fastrand",
 "getrandom 0.4.3",
 "once_cell",
 "rustix 1.1.4",
 "windows-sys 0.61.2",
]

[[package]]
name = "thiserror"
version = "1.0.69"
source = "registry+https://github.com/rust-lang/crates.io-index"
checksum = "b6aaf5339b578ea85b50e080feb250a3e8ae8cfcdff9a461c9ec2904bc923f52"
dependencies = [
 "thiserror-impl 1.0.69",
]

[[package]]
name = "thiserror"
version = "2.0.20"
source = "registry+https://github.com/rust-lang/crates.io-index"
checksum = "ec86235f5fcc2a73650310756d2ac5b138a5780bbbdfae3eeccec992c435ba4f"
dependencies = [
 "thiserror-impl 2.0.20",
]

[[package]]
name = "thiserror-impl"
version = "1.0.69"
source = "registry+https://github.com/rust-lang/crates.io-index"
checksum = "4fee6c4efc90059e10f81e6d42c60a18f76588c3d74cb83a0b242a2b6c7504c1"
dependencies = [
 "proc-macro2",
 "quote",
 "syn 2.0.119",
]

[[package]]
name = "thiserror-impl"
version = "2.0.20"
source = "registry+https://github.com/rust-lang/crates.io-index"
checksum = "bc04cd3e1236dd4a98afca4569f2deb3f120e5422a4023be2cb683f8486292af"
dependencies = [
 "proc-macro2",
 "quote",
 "syn 3.0.5",
]

[[package]]
name = "tiny_http"
version = "0.12.0"
source = "registry+https://github.com/rust-lang/crates.io-index"
checksum = "389915df6413a2e74fb181895f933386023c71110878cd0825588928e64cdc82"
dependencies = [
 "ascii",
 "chunked_transfer",
 "httpdate",
 "log",
]

[[package]]
name = "toml"
version = "0.5.11"
source = "registry+https://github.com/rust-lang/crates.io-index"
checksum = "f4f7f0dd8d50a853a531c426359045b1998f04219d88799810762cd4ad314234"
dependencies = [
 "serde",
]

[[package]]
name = "toml"
version = "0.8.23"
source = "registry+https://github.com/rust-lang/crates.io-index"
checksum = "dc1beb996b9d83529a9e75c17a1686767d148d70663143c7854d8b4a09ced362"
dependencies = [
 "serde",
 "serde_spanned",
 "toml_datetime",
 "toml_edit",
]

[[package]]
name = "toml_datetime"
version = "0.6.11"
source = "registry+https://github.com/rust-lang/crates.io-index"
checksum = "22cddaf88f4fbc13c51aebbf5f8eceb5c7c5a9da2ac40a13519eb5b0a0e8f11c"
dependencies = [
 "serde",
]

[[package]]
name = "toml_edit"
version = "0.22.27"
source = "registry+https://github.com/rust-lang/crates.io-index"
checksum = "41fe8c660ae4257887cf66394862d21dbca4a6ddd26f04a3560410406a2f819a"
dependencies = [
 "indexmap",
 "serde",
 "serde_spanned",
 "toml_datetime",
 "toml_write",
 "winnow",
]

[[package]]
name = "toml_write"
version = "0.1.2"
source = "registry+https://github.com/rust-lang/crates.io-index"
checksum = "5d99f8c9a7727884afe522e9bd5edbfc91a3312b36a77b5fb8926e4c31a41801"

[[package]]
name = "typenum"
version = "1.20.1"
source = "registry+https://github.com/rust-lang/crates.io-index"
checksum = "b6f5e870be6c3b371b77fe0ee0bafb859fa4964b4404c27de1d380043c4dda20"

[[package]]
name = "unicode-ident"
version = "1.0.24"
source = "registry+https://github.com/rust-lang/crates.io-index"
checksum = "e6e4313cd5fcd3dad5cafa179702e2b244f760991f45397d14d4ebf38247da75"

[[package]]
name = "unicode-segmentation"
version = "1.13.3"
source = "registry+https://github.com/rust-lang/crates.io-index"
checksum = "c6f5d3c3b1bf09027a88a6bc961fc00497d651009560b5463668dc81b0fa87a8"

[[package]]
name = "utf8parse"
version = "0.2.2"
source = "registry+https://github.com/rust-lang/crates.io-index"
checksum = "06abde3611657adf66d383f00b093d7faecc7fa57071cce2578660c9f1010821"

[[package]]
name = "vcpkg"
version = "0.2.15"
source = "registry+https://github.com/rust-lang/crates.io-index"
checksum = "accd4ea62f7bb7a82fe23066fb0957d48ef677f6eeb8215f372f52e48bb32426"

[[package]]
name = "version-compare"
version = "0.2.1"
source = "registry+https://github.com/rust-lang/crates.io-index"
checksum = "03c2856837ef78f57382f06b2b8563a2f512f7185d732608fd9176cb3b8edf0e"

[[package]]
name = "version_check"
version = "0.9.5"
source = "registry+https://github.com/rust-lang/crates.io-index"
checksum = "0b928f33d975fc6ad9f86c8f283853ad26bdd5b10b7f1542aa2fa15e2289105a"

[[package]]
name = "void"
version = "1.0.2"
source = "registry+https://github.com/rust-lang/crates.io-index"
checksum = "6a02e4885ed3bc0f2de90ea6dd45ebcbb66dacffe03547fadbb0eeae2770887d"

[[package]]
name = "walkdir"
version = "2.5.0"
source = "registry+https://github.com/rust-lang/crates.io-index"
checksum = "29790946404f91d9c5d06f9874efddea1dc06c5efe94541a7d6863108e3a5e4b"
dependencies = [
 "same-file",
 "winapi-util",
]

[[package]]
name = "wasi"
version = "0.11.1+wasi-snapshot-preview1"
source = "registry+https://github.com/rust-lang/crates.io-index"
checksum = "ccf3ec651a847eb01de73ccad15eb7d99f80485de043efb2f370cd654f4ea44b"

[[package]]
name = "winapi"
version = "0.3.9"
source = "registry+https://github.com/rust-lang/crates.io-index"
checksum = "5c839a674fcd7a98952e593242ea400abe93992746761e38641405d28b00f419"
dependencies = [
 "winapi-i686-pc-windows-gnu",
 "winapi-x86_64-pc-windows-gnu",
]

[[package]]
name = "winapi-i686-pc-windows-gnu"
version = "0.4.0"
source = "registry+https://github.com/rust-lang/crates.io-index"
checksum = "ac3b87c63620426dd9b991e5ce0329eff545bccbbb34f3be09ff6fb6ab51b7b6"

[[package]]
name = "winapi-util"
version = "0.1.11"
source = "registry+https://github.com/rust-lang/crates.io-index"
checksum = "c2a7b1c03c876122aa43f3020e6c3c3ee5c05081c9a00739faf7503aeba10d22"
dependencies = [
 "windows-sys 0.61.2",
]

[[package]]
name = "winapi-x86_64-pc-windows-gnu"
version = "0.4.0"
source = "registry+https://github.com/rust-lang/crates.io-index"
checksum = "712e227841d057c1ee1cd2fb22fa7e5a5461ae8e48fa2ca79ec42cfc1931183f"

[[package]]
name = "windows-link"
version = "0.2.1"
source = "registry+https://github.com/rust-lang/crates.io-index"
checksum = "f0805222e57f7521d6a62e36fa9163bc891acd422f971defe97d64e70d0a4fe5"

[[package]]
name = "windows-sys"
version = "0.59.0"
source = "registry+https://github.com/rust-lang/crates.io-index"
checksum = "1e38bc4d79ed67fd075bcc251a1c39b32a1776bbe92e5bef1f0bf1f8c531853b"
dependencies = [
 "windows-targets",
]

[[package]]
name = "windows-sys"
version = "0.61.2"
source = "registry+https://github.com/rust-lang/crates.io-index"
checksum = "ae137229bcbd6cdf0f7b80a31df61766145077ddf49416a728b02cb3921ff3fc"
dependencies = [
 "windows-link",
]

[[package]]
name = "windows-targets"
version = "0.52.6"
source = "registry+https://github.com/rust-lang/crates.io-index"
checksum = "9b724f72796e036ab90c1021d4780d4d3d648aca59e491e6b98e725b84e99973"
dependencies = [
 "windows_aarch64_gnullvm",
 "windows_aarch64_msvc",
 "windows_i686_gnu",
 "windows_i686_gnullvm",
 "windows_i686_msvc",
 "windows_x86_64_gnu",
 "windows_x86_64_gnullvm",
 "windows_x86_64_msvc",
]

[[package]]
name = "windows_aarch64_gnullvm"
version = "0.52.6"
source = "registry+https://github.com/rust-lang/crates.io-index"
checksum = "32a4622180e7a0ec044bb555404c800bc9fd9ec262ec147edd5989ccd0c02cd3"

[[package]]
name = "windows_aarch64_msvc"
version = "0.52.6"
source = "registry+https://github.com/rust-lang/crates.io-index"
checksum = "09ec2a7bb152e2252b53fa7803150007879548bc709c039df7627cabbd05d469"

[[package]]
name = "windows_i686_gnu"
version = "0.52.6"
source = "registry+https://github.com/rust-lang/crates.io-index"
checksum = "8e9b5ad5ab802e97eb8e295ac6720e509ee4c243f69d781394014ebfe8bbfa0b"

[[package]]
name = "windows_i686_gnullvm"
version = "0.52.6"
source = "registry+https://github.com/rust-lang/crates.io-index"
checksum = "0eee52d38c090b3caa76c563b86c3a4bd71ef1a819287c19d586d7334ae8ed66"

[[package]]
name = "windows_i686_msvc"
version = "0.52.6"
source = "registry+https://github.com/rust-lang/crates.io-index"
checksum = "240948bc05c5e7c6dabba28bf89d89ffce3e303022809e73deaefe4f6ec56c66"

[[package]]
name = "windows_x86_64_gnu"
version = "0.52.6"
source = "registry+https://github.com/rust-lang/crates.io-index"
checksum = "147a5c80aabfbf0c7d901cb5895d1de30ef2907eb21fbbab29ca94c5b08b1a78"

[[package]]
name = "windows_x86_64_gnullvm"
version = "0.52.6"
source = "registry+https://github.com/rust-lang/crates.io-index"
checksum = "24d5b23dc417412679681396f2b49f3de8c1473deb516bd34410872eff51ed0d"

[[package]]
name = "windows_x86_64_msvc"
version = "0.52.6"
source = "registry+https://github.com/rust-lang/crates.io-index"
checksum = "589f6da84c646204747d1270a2a5661ea66ed1cced2631d546fdfb155959f9ec"

[[package]]
name = "winnow"
version = "0.7.15"
source = "registry+https://github.com/rust-lang/crates.io-index"
checksum = "df79d97927682d2fd8adb29682d1140b343be4ac0f08fd68b7765d9c059d3945"
dependencies = [
 "memchr",
]

[[package]]
name = "zerocopy"
version = "0.8.56"
source = "registry+https://github.com/rust-lang/crates.io-index"
checksum = "556764e583adb45a9f8d413c2a147fa7e8d821e48e12b14fd560b607998b75eb"
dependencies = [
 "zerocopy-derive",
]

[[package]]
name = "zerocopy-derive"
version = "0.8.56"
source = "registry+https://github.com/rust-lang/crates.io-index"
checksum = "f2ab42fc20575779bd240faa45f94a74256f755c0fa9e89f0ede20d91d0cdfc1"
dependencies = [
 "proc-macro2",
 "quote",
 "syn 2.0.119",
]

[[package]]
name = "zeromq-src"
version = "0.2.6+4.3.4"
source = "registry+https://github.com/rust-lang/crates.io-index"
checksum = "fc120b771270365d5ed0dfb4baf1005f2243ae1ae83703265cb3504070f4160b"
dependencies = [
 "cc",
 "dircpy",
]

[[package]]
name = "zmij"
version = "1.0.23"
source = "registry+https://github.com/rust-lang/crates.io-index"
checksum = "29666d0abbfad1e3dc4dcf6144730dd3a3ab225bbbdac83319345b1b44ccfc1b"

[[package]]
name = "zmq"
version = "0.10.0"
source = "registry+https://github.com/rust-lang/crates.io-index"
checksum = "dd3091dd571fb84a9b3e5e5c6a807d186c411c812c8618786c3c30e5349234e7"
dependencies = [
 "bitflags 1.3.2",
 "libc",
 "zmq-sys",
]

[[package]]
name = "zmq-sys"
version = "0.12.0"
source = "registry+https://github.com/rust-lang/crates.io-index"
checksum = "8e8351dc72494b4d7f5652a681c33634063bbad58046c1689e75270908fdc864"
dependencies = [
 "libc",
 "system-deps",
 "zeromq-src",
]

[[package]]
name = "zstd-sys"
version = "2.1.0+zstd.1.5.7"
source = "registry+https://github.com/rust-lang/crates.io-index"
checksum = "0ef0a8027ec3ee71300ab3bcbcd0393f434aa72b91ca6d635a39941deae8eea0"
dependencies = [
 "cc",
 "pkg-config",
]
